
Microsoft Visual Studio Solution File, Format Version 12.00
# Visual Studio Version 17
VisualStudioVersion = 17.3.32922.545
MinimumVisualStudioVersion = 10.0.40219.1
Project("{9A19103F-16F7-4668-BE54-9A1E7A4F7556}") = "NorthwindTradeSuite.API", "NorthwindTradeSuite.API\NorthwindTradeSuite.API.csproj", "{104D61FC-F335-42F7-B124-21ECC9501FAD}"
EndProject
Project("{9A19103F-16F7-4668-BE54-9A1E7A4F7556}") = "NorthwindTradeSuite.Domain", "NorthwindTradeSuite.Domain\NorthwindTradeSuite.Domain.csproj", "{D2CA2F01-E13E-4559-9B6B-68E56F3ADB38}"
EndProject
Project("{9A19103F-16F7-4668-BE54-9A1E7A4F7556}") = "NorthwindTradeSuite.Persistence", "NorthwindTradeSuite.Persistence\NorthwindTradeSuite.Persistence.csproj", "{CF32E4B6-FEB6-4733-8D5F-99BF78C61C8D}"
EndProject
Project("{9A19103F-16F7-4668-BE54-9A1E7A4F7556}") = "NorthwindTradeSuite.Common", "NorthwindTradeSuite.Common\NorthwindTradeSuite.Common.csproj", "{AA7C45AC-1131-4434-B414-81859236DBBB}"
EndProject
Project("{9A19103F-16F7-4668-BE54-9A1E7A4F7556}") = "NorthwindTradeSuite.Infrastructure", "NorthwindTradeSuite.Infrastructure\NorthwindTradeSuite.Infrastructure.csproj", "{ACBA7CB9-B3B8-46A2-8B0C-FB6C38ED5553}"
EndProject
Project("{9A19103F-16F7-4668-BE54-9A1E7A4F7556}") = "NorthwindTradeSuite.DTOs", "NorthwindTradeSuite.DTOs\NorthwindTradeSuite.DTOs.csproj", "{0BEF2437-F089-46E4-BB55-5A16B0BA0F5D}"
EndProject
Project("{9A19103F-16F7-4668-BE54-9A1E7A4F7556}") = "NorthwindTradeSuite.Services", "NorthwindTradeSuite.Services\NorthwindTradeSuite.Services.csproj", "{12E931EF-F78A-4518-A7FF-9474F42CAB02}"
EndProject
Global
	GlobalSection(SolutionConfigurationPlatforms) = preSolution
		Debug|Any CPU = Debug|Any CPU
		Release|Any CPU = Release|Any CPU
	EndGlobalSection
	GlobalSection(ProjectConfigurationPlatforms) = postSolution
		{104D61FC-F335-42F7-B124-21ECC9501FAD}.Debug|Any CPU.ActiveCfg = Debug|Any CPU
		{104D61FC-F335-42F7-B124-21ECC9501FAD}.Debug|Any CPU.Build.0 = Debug|Any CPU
		{104D61FC-F335-42F7-B124-21ECC9501FAD}.Release|Any CPU.ActiveCfg = Release|Any CPU
		{104D61FC-F335-42F7-B124-21ECC9501FAD}.Release|Any CPU.Build.0 = Release|Any CPU
		{D2CA2F01-E13E-4559-9B6B-68E56F3ADB38}.Debug|Any CPU.ActiveCfg = Debug|Any CPU
		{D2CA2F01-E13E-4559-9B6B-68E56F3ADB38}.Debug|Any CPU.Build.0 = Debug|Any CPU
		{D2CA2F01-E13E-4559-9B6B-68E56F3ADB38}.Release|Any CPU.ActiveCfg = Release|Any CPU
		{D2CA2F01-E13E-4559-9B6B-68E56F3ADB38}.Release|Any CPU.Build.0 = Release|Any CPU
		{CF32E4B6-FEB6-4733-8D5F-99BF78C61C8D}.Debug|Any CPU.ActiveCfg = Debug|Any CPU
		{CF32E4B6-FEB6-4733-8D5F-99BF78C61C8D}.Debug|Any CPU.Build.0 = Debug|Any CPU
		{CF32E4B6-FEB6-4733-8D5F-99BF78C61C8D}.Release|Any CPU.ActiveCfg = Release|Any CPU
		{CF32E4B6-FEB6-4733-8D5F-99BF78C61C8D}.Release|Any CPU.Build.0 = Release|Any CPU
		{AA7C45AC-1131-4434-B414-81859236DBBB}.Debug|Any CPU.ActiveCfg = Debug|Any CPU
		{AA7C45AC-1131-4434-B414-81859236DBBB}.Debug|Any CPU.Build.0 = Debug|Any CPU
		{AA7C45AC-1131-4434-B414-81859236DBBB}.Release|Any CPU.ActiveCfg = Release|Any CPU
		{AA7C45AC-1131-4434-B414-81859236DBBB}.Release|Any CPU.Build.0 = Release|Any CPU
		{ACBA7CB9-B3B8-46A2-8B0C-FB6C38ED5553}.Debug|Any CPU.ActiveCfg = Debug|Any CPU
		{ACBA7CB9-B3B8-46A2-8B0C-FB6C38ED5553}.Debug|Any CPU.Build.0 = Debug|Any CPU
		{ACBA7CB9-B3B8-46A2-8B0C-FB6C38ED5553}.Release|Any CPU.ActiveCfg = Release|Any CPU
		{ACBA7CB9-B3B8-46A2-8B0C-FB6C38ED5553}.Release|Any CPU.Build.0 = Release|Any CPU
		{0BEF2437-F089-46E4-BB55-5A16B0BA0F5D}.Debug|Any CPU.ActiveCfg = Debug|Any CPU
		{0BEF2437-F089-46E4-BB55-5A16B0BA0F5D}.Debug|Any CPU.Build.0 = Debug|Any CPU
		{0BEF2437-F089-46E4-BB55-5A16B0BA0F5D}.Release|Any CPU.ActiveCfg = Release|Any CPU
		{0BEF2437-F089-46E4-BB55-5A16B0BA0F5D}.Release|Any CPU.Build.0 = Release|Any CPU
		{12E931EF-F78A-4518-A7FF-9474F42CAB02}.Debug|Any CPU.ActiveCfg = Debug|Any CPU
		{12E931EF-F78A-4518-A7FF-9474F42CAB02}.Debug|Any CPU.Build.0 = Debug|Any CPU
		{12E931EF-F78A-4518-A7FF-9474F42CAB02}.Release|Any CPU.ActiveCfg = Release|Any CPU
		{12E931EF-F78A-4518-A7FF-9474F42CAB02}.Release|Any CPU.Build.0 = Release|Any CPU
	EndGlobalSection
	GlobalSection(SolutionProperties) = preSolution
		HideSolutionNode = FALSE
	EndGlobalSection
	GlobalSection(ExtensibilityGlobals) = postSolution
		SolutionGuid = {D3EFC74E-0FC8-49DC-AC4B-A1D930C68E18}
	EndGlobalSection
EndGlobal
